
Microsoft Visual Studio Solution File, Format Version 12.00
# Visual Studio Version 16
VisualStudioVersion = 16.0.30114.105
MinimumVisualStudioVersion = 10.0.40219.1
Project("{FAE04EC0-301F-11D3-BF4B-00C04F79EFBC}") = "CustomerApi", "CustomerApi\CustomerApi.csproj", "{00B57C3D-D0E3-4832-A13B-E80C62F359F7}"
EndProject
Project("{2150E333-8FDC-42A3-9474-1A3956D46DE8}") = "Api", "Api", "{DFB0FF44-386B-46E2-8D5A-5778839DDC96}"
EndProject
Project("{2150E333-8FDC-42A3-9474-1A3956D46DE8}") = "Tests", "Tests", "{CD48FDB7-42A6-4CAC-81BB-0366949A2BA7}"
EndProject
Project("{FAE04EC0-301F-11D3-BF4B-00C04F79EFBC}") = "CustomerApi.Data", "CustomerApi.Data\CustomerApi.Data.csproj", "{4EB335C5-D3D2-47F6-9AD2-609CAB36A29A}"
EndProject
Project("{FAE04EC0-301F-11D3-BF4B-00C04F79EFBC}") = "CustomerApi.Domain", "CustomerApi.Domain\CustomerApi.Domain.csproj", "{B478F0E0-58F3-44AF-B688-D06DBD0DAA63}"
EndProject
Project("{FAE04EC0-301F-11D3-BF4B-00C04F79EFBC}") = "CustomerApi.Service", "CustomerApi.Service\CustomerApi.Service.csproj", "{7B3DC0FD-141B-4D09-87BC-37EA3853188E}"
EndProject
Project("{FAE04EC0-301F-11D3-BF4B-00C04F79EFBC}") = "CustomerApi.Messaging.Send", "CustomerApi.Messaging.Send\CustomerApi.Messaging.Send.csproj", "{B3610646-8375-41B9-9E91-CAECFD18B7F4}"
EndProject
Project("{FAE04EC0-301F-11D3-BF4B-00C04F79EFBC}") = "CustomerApi.Test", "CustomerApi.Test\CustomerApi.Test.csproj", "{3A30C03D-A432-4729-B8B8-E35A5DA985D4}"
EndProject
Project("{FAE04EC0-301F-11D3-BF4B-00C04F79EFBC}") = "CustomerApi.Data.Test", "CustomerApi.Data.Test\CustomerApi.Data.Test.csproj", "{43A73242-A5F4-4F7A-90CC-A938458715EB}"
EndProject
Project("{FAE04EC0-301F-11D3-BF4B-00C04F79EFBC}") = "CustomerApi.Service.Test", "CustomerApi.Service.Test\CustomerApi.Service.Test.csproj", "{72522051-F9A3-4E48-A49D-F912807D28DA}"
EndProject
Global
	GlobalSection(SolutionConfigurationPlatforms) = preSolution
		Debug|Any CPU = Debug|Any CPU
		Debug|x64 = Debug|x64
		Debug|x86 = Debug|x86
		Release|Any CPU = Release|Any CPU
		Release|x64 = Release|x64
		Release|x86 = Release|x86
	EndGlobalSection
	GlobalSection(ProjectConfigurationPlatforms) = postSolution
		{00B57C3D-D0E3-4832-A13B-E80C62F359F7}.Debug|Any CPU.ActiveCfg = Debug|Any CPU
		{00B57C3D-D0E3-4832-A13B-E80C62F359F7}.Debug|Any CPU.Build.0 = Debug|Any CPU
		{00B57C3D-D0E3-4832-A13B-E80C62F359F7}.Debug|x64.ActiveCfg = Debug|Any CPU
		{00B57C3D-D0E3-4832-A13B-E80C62F359F7}.Debug|x64.Build.0 = Debug|Any CPU
		{00B57C3D-D0E3-4832-A13B-E80C62F359F7}.Debug|x86.ActiveCfg = Debug|Any CPU
		{00B57C3D-D0E3-4832-A13B-E80C62F359F7}.Debug|x86.Build.0 = Debug|Any CPU
		{00B57C3D-D0E3-4832-A13B-E80C62F359F7}.Release|Any CPU.ActiveCfg = Release|Any CPU
		{00B57C3D-D0E3-4832-A13B-E80C62F359F7}.Release|Any CPU.Build.0 = Release|Any CPU
		{00B57C3D-D0E3-4832-A13B-E80C62F359F7}.Release|x64.ActiveCfg = Release|Any CPU
		{00B57C3D-D0E3-4832-A13B-E80C62F359F7}.Release|x64.Build.0 = Release|Any CPU
		{00B57C3D-D0E3-4832-A13B-E80C62F359F7}.Release|x86.ActiveCfg = Release|Any CPU
		{00B57C3D-D0E3-4832-A13B-E80C62F359F7}.Release|x86.Build.0 = Release|Any CPU
		{4EB335C5-D3D2-47F6-9AD2-609CAB36A29A}.Debug|Any CPU.ActiveCfg = Debug|Any CPU
		{4EB335C5-D3D2-47F6-9AD2-609CAB36A29A}.Debug|Any CPU.Build.0 = Debug|Any CPU
		{4EB335C5-D3D2-47F6-9AD2-609CAB36A29A}.Debug|x64.ActiveCfg = Debug|Any CPU
		{4EB335C5-D3D2-47F6-9AD2-609CAB36A29A}.Debug|x64.Build.0 = Debug|Any CPU
		{4EB335C5-D3D2-47F6-9AD2-609CAB36A29A}.Debug|x86.ActiveCfg = Debug|Any CPU
		{4EB335C5-D3D2-47F6-9AD2-609CAB36A29A}.Debug|x86.Build.0 = Debug|Any CPU
		{4EB335C5-D3D2-47F6-9AD2-609CAB36A29A}.Release|Any CPU.ActiveCfg = Release|Any CPU
		{4EB335C5-D3D2-47F6-9AD2-609CAB36A29A}.Release|Any CPU.Build.0 = Release|Any CPU
		{4EB335C5-D3D2-47F6-9AD2-609CAB36A29A}.Release|x64.ActiveCfg = Release|Any CPU
		{4EB335C5-D3D2-47F6-9AD2-609CAB36A29A}.Release|x64.Build.0 = Release|Any CPU
		{4EB335C5-D3D2-47F6-9AD2-609CAB36A29A}.Release|x86.ActiveCfg = Release|Any CPU
		{4EB335C5-D3D2-47F6-9AD2-609CAB36A29A}.Release|x86.Build.0 = Release|Any CPU
		{B478F0E0-58F3-44AF-B688-D06DBD0DAA63}.Debug|Any CPU.ActiveCfg = Debug|Any CPU
		{B478F0E0-58F3-44AF-B688-D06DBD0DAA63}.Debug|Any CPU.Build.0 = Debug|Any CPU
		{B478F0E0-58F3-44AF-B688-D06DBD0DAA63}.Debug|x64.ActiveCfg = Debug|Any CPU
		{B478F0E0-58F3-44AF-B688-D06DBD0DAA63}.Debug|x64.Build.0 = Debug|Any CPU
		{B478F0E0-58F3-44AF-B688-D06DBD0DAA63}.Debug|x86.ActiveCfg = Debug|Any CPU
		{B478F0E0-58F3-44AF-B688-D06DBD0DAA63}.Debug|x86.Build.0 = Debug|Any CPU
		{B478F0E0-58F3-44AF-B688-D06DBD0DAA63}.Release|Any CPU.ActiveCfg = Release|Any CPU
		{B478F0E0-58F3-44AF-B688-D06DBD0DAA63}.Release|Any CPU.Build.0 = Release|Any CPU
		{B478F0E0-58F3-44AF-B688-D06DBD0DAA63}.Release|x64.ActiveCfg = Release|Any CPU
		{B478F0E0-58F3-44AF-B688-D06DBD0DAA63}.Release|x64.Build.0 = Release|Any CPU
		{B478F0E0-58F3-44AF-B688-D06DBD0DAA63}.Release|x86.ActiveCfg = Release|Any CPU
		{B478F0E0-58F3-44AF-B688-D06DBD0DAA63}.Release|x86.Build.0 = Release|Any CPU
		{7B3DC0FD-141B-4D09-87BC-37EA3853188E}.Debug|Any CPU.ActiveCfg = Debug|Any CPU
		{7B3DC0FD-141B-4D09-87BC-37EA3853188E}.Debug|Any CPU.Build.0 = Debug|Any CPU
		{7B3DC0FD-141B-4D09-87BC-37EA3853188E}.Debug|x64.ActiveCfg = Debug|Any CPU
		{7B3DC0FD-141B-4D09-87BC-37EA3853188E}.Debug|x64.Build.0 = Debug|Any CPU
		{7B3DC0FD-141B-4D09-87BC-37EA3853188E}.Debug|x86.ActiveCfg = Debug|Any CPU
		{7B3DC0FD-141B-4D09-87BC-37EA3853188E}.Debug|x86.Build.0 = Debug|Any CPU
		{7B3DC0FD-141B-4D09-87BC-37EA3853188E}.Release|Any CPU.ActiveCfg = Release|Any CPU
		{7B3DC0FD-141B-4D09-87BC-37EA3853188E}.Release|Any CPU.Build.0 = Release|Any CPU
		{7B3DC0FD-141B-4D09-87BC-37EA3853188E}.Release|x64.ActiveCfg = Release|Any CPU
		{7B3DC0FD-141B-4D09-87BC-37EA3853188E}.Release|x64.Build.0 = Release|Any CPU
		{7B3DC0FD-141B-4D09-87BC-37EA3853188E}.Release|x86.ActiveCfg = Release|Any CPU
		{7B3DC0FD-141B-4D09-87BC-37EA3853188E}.Release|x86.Build.0 = Release|Any CPU
		{B3610646-8375-41B9-9E91-CAECFD18B7F4}.Debug|Any CPU.ActiveCfg = Debug|Any CPU
		{B3610646-8375-41B9-9E91-CAECFD18B7F4}.Debug|Any CPU.Build.0 = Debug|Any CPU
		{B3610646-8375-41B9-9E91-CAECFD18B7F4}.Debug|x64.ActiveCfg = Debug|Any CPU
		{B3610646-8375-41B9-9E91-CAECFD18B7F4}.Debug|x64.Build.0 = Debug|Any CPU
		{B3610646-8375-41B9-9E91-CAECFD18B7F4}.Debug|x86.ActiveCfg = Debug|Any CPU
		{B3610646-8375-41B9-9E91-CAECFD18B7F4}.Debug|x86.Build.0 = Debug|Any CPU
		{B3610646-8375-41B9-9E91-CAECFD18B7F4}.Release|Any CPU.ActiveCfg = Release|Any CPU
		{B3610646-8375-41B9-9E91-CAECFD18B7F4}.Release|Any CPU.Build.0 = Release|Any CPU
		{B3610646-8375-41B9-9E91-CAECFD18B7F4}.Release|x64.ActiveCfg = Release|Any CPU
		{B3610646-8375-41B9-9E91-CAECFD18B7F4}.Release|x64.Build.0 = Release|Any CPU
		{B3610646-8375-41B9-9E91-CAECFD18B7F4}.Release|x86.ActiveCfg = Release|Any CPU
		{B3610646-8375-41B9-9E91-CAECFD18B7F4}.Release|x86.Build.0 = Release|Any CPU
		{3A30C03D-A432-4729-B8B8-E35A5DA985D4}.Debug|Any CPU.ActiveCfg = Debug|Any CPU
		{3A30C03D-A432-4729-B8B8-E35A5DA985D4}.Debug|Any CPU.Build.0 = Debug|Any CPU
		{3A30C03D-A432-4729-B8B8-E35A5DA985D4}.Debug|x64.ActiveCfg = Debug|Any CPU
		{3A30C03D-A432-4729-B8B8-E35A5DA985D4}.Debug|x64.Build.0 = Debug|Any CPU
		{3A30C03D-A432-4729-B8B8-E35A5DA985D4}.Debug|x86.ActiveCfg = Debug|Any CPU
		{3A30C03D-A432-4729-B8B8-E35A5DA985D4}.Debug|x86.Build.0 = Debug|Any CPU
		{3A30C03D-A432-4729-B8B8-E35A5DA985D4}.Release|Any CPU.ActiveCfg = Release|Any CPU
		{3A30C03D-A432-4729-B8B8-E35A5DA985D4}.Release|Any CPU.Build.0 = Release|Any CPU
		{3A30C03D-A432-4729-B8B8-E35A5DA985D4}.Release|x64.ActiveCfg = Release|Any CPU
		{3A30C03D-A432-4729-B8B8-E35A5DA985D4}.Release|x64.Build.0 = Release|Any CPU
		{3A30C03D-A432-4729-B8B8-E35A5DA985D4}.Release|x86.ActiveCfg = Release|Any CPU
		{3A30C03D-A432-4729-B8B8-E35A5DA985D4}.Release|x86.Build.0 = Release|Any CPU
		{43A73242-A5F4-4F7A-90CC-A938458715EB}.Debug|Any CPU.ActiveCfg = Debug|Any CPU
		{43A73242-A5F4-4F7A-90CC-A938458715EB}.Debug|Any CPU.Build.0 = Debug|Any CPU
		{43A73242-A5F4-4F7A-90CC-A938458715EB}.Debug|x64.ActiveCfg = Debug|Any CPU
		{43A73242-A5F4-4F7A-90CC-A938458715EB}.Debug|x64.Build.0 = Debug|Any CPU
		{43A73242-A5F4-4F7A-90CC-A938458715EB}.Debug|x86.ActiveCfg = Debug|Any CPU
		{43A73242-A5F4-4F7A-90CC-A938458715EB}.Debug|x86.Build.0 = Debug|Any CPU
		{43A73242-A5F4-4F7A-90CC-A938458715EB}.Release|Any CPU.ActiveCfg = Release|Any CPU
		{43A73242-A5F4-4F7A-90CC-A938458715EB}.Release|Any CPU.Build.0 = Release|Any CPU
		{43A73242-A5F4-4F7A-90CC-A938458715EB}.Release|x64.ActiveCfg = Release|Any CPU
		{43A73242-A5F4-4F7A-90CC-A938458715EB}.Release|x64.Build.0 = Release|Any CPU
		{43A73242-A5F4-4F7A-90CC-A938458715EB}.Release|x86.ActiveCfg = Release|Any CPU
		{43A73242-A5F4-4F7A-90CC-A938458715EB}.Release|x86.Build.0 = Release|Any CPU
		{72522051-F9A3-4E48-A49D-F912807D28DA}.Debug|Any CPU.ActiveCfg = Debug|Any CPU
		{72522051-F9A3-4E48-A49D-F912807D28DA}.Debug|Any CPU.Build.0 = Debug|Any CPU
		{72522051-F9A3-4E48-A49D-F912807D28DA}.Debug|x64.ActiveCfg = Debug|Any CPU
		{72522051-F9A3-4E48-A49D-F912807D28DA}.Debug|x64.Build.0 = Debug|Any CPU
		{72522051-F9A3-4E48-A49D-F912807D28DA}.Debug|x86.ActiveCfg = Debug|Any CPU
		{72522051-F9A3-4E48-A49D-F912807D28DA}.Debug|x86.Build.0 = Debug|Any CPU
		{72522051-F9A3-4E48-A49D-F912807D28DA}.Release|Any CPU.ActiveCfg = Release|Any CPU
		{72522051-F9A3-4E48-A49D-F912807D28DA}.Release|Any CPU.Build.0 = Release|Any CPU
		{72522051-F9A3-4E48-A49D-F912807D28DA}.Release|x64.ActiveCfg = Release|Any CPU
		{72522051-F9A3-4E48-A49D-F912807D28DA}.Release|x64.Build.0 = Release|Any CPU
		{72522051-F9A3-4E48-A49D-F912807D28DA}.Release|x86.ActiveCfg = Release|Any CPU
		{72522051-F9A3-4E48-A49D-F912807D28DA}.Release|x86.Build.0 = Release|Any CPU
	EndGlobalSection
	GlobalSection(SolutionProperties) = preSolution
		HideSolutionNode = FALSE
	EndGlobalSection
	GlobalSection(NestedProjects) = preSolution
		{00B57C3D-D0E3-4832-A13B-E80C62F359F7} = {DFB0FF44-386B-46E2-8D5A-5778839DDC96}
		{4EB335C5-D3D2-47F6-9AD2-609CAB36A29A} = {DFB0FF44-386B-46E2-8D5A-5778839DDC96}
		{B478F0E0-58F3-44AF-B688-D06DBD0DAA63} = {DFB0FF44-386B-46E2-8D5A-5778839DDC96}
		{7B3DC0FD-141B-4D09-87BC-37EA3853188E} = {DFB0FF44-386B-46E2-8D5A-5778839DDC96}
		{B3610646-8375-41B9-9E91-CAECFD18B7F4} = {DFB0FF44-386B-46E2-8D5A-5778839DDC96}
		{3A30C03D-A432-4729-B8B8-E35A5DA985D4} = {CD48FDB7-42A6-4CAC-81BB-0366949A2BA7}
		{43A73242-A5F4-4F7A-90CC-A938458715EB} = {CD48FDB7-42A6-4CAC-81BB-0366949A2BA7}
		{72522051-F9A3-4E48-A49D-F912807D28DA} = {CD48FDB7-42A6-4CAC-81BB-0366949A2BA7}
	EndGlobalSection
	GlobalSection(ExtensibilityGlobals) = postSolution
		SolutionGuid = {A8F296EA-A15A-4CDB-A2BD-9FBFCD6ED88E}
	EndGlobalSection
EndGlobal
